# This file is automatically @generated by Cargo.
# It is not intended for manual editing.
version = 3

[[package]]
name = "cstr-macro"
version = "0.1.0"
source = "registry+https://github.com/rust-lang/crates.io-index"
checksum = "db53fddba18cdd35477a7213a3ef6acfbfa333c31b42ce019e544c4a1420a06f"

[[package]]
name = "helix"
version = "0.7.5"
source = "registry+https://github.com/rust-lang/crates.io-index"
checksum = "49a017e3e798ad9386e0a0584e66fd6c04a80ccc1242eb8f689c62ce6f408240"
dependencies = [
 "cstr-macro",
 "libc",
 "libcruby-sys",
]

[[package]]
name = "libc"
version = "0.2.117"
source = "registry+https://github.com/rust-lang/crates.io-index"
checksum = "e74d72e0f9b65b5b4ca49a346af3976df0f9c61d550727f349ecd559f251a26c"

[[package]]
name = "libcruby-sys"
version = "0.7.5"
source = "registry+https://github.com/rust-lang/crates.io-index"
checksum = "fef6028cdce0c8d55676fd1d66bb810facef8cade0dd71d28511d375e84da4c0"
dependencies = [
 "libc",
]

[[package]]
name = "text_transform"
version = "0.1.0"
dependencies = [
 "helix",
]
